<?xml version="1.0" encoding="utf-8"?>
<Project ToolsVersion="4.0" xmlns="http://schemas.microsoft.com/developer/msbuild/2003">
  <ItemGroup>
    <Filter Include="Source Files">
      <UniqueIdentifier>{4FC737F1-C7A5-4376-A066-2A32D752A2FF}</UniqueIdentifier>
      <Extensions>cpp;c;cc;cxx;c++;cppm;ixx;def;odl;idl;hpj;bat;asm;asmx</Extensions>
    </Filter>
    <Filter Include="Header Files">
      <UniqueIdentifier>{93995380-89BD-4b04-88EB-625FBE52EBFB}</UniqueIdentifier>
      <Extensions>h;hh;hpp;hxx;h++;hm;inl;inc;ipp;xsd</Extensions>
    </Filter>
    <Filter Include="Resource Files">
      <UniqueIdentifier>{67DA6AB6-F800-4c08-8B7A-83BB121AAD01}</UniqueIdentifier>
      <Extensions>rc;ico;cur;bmp;dlg;rc2;rct;bin;rgs;gif;jpg;jpeg;jpe;resx;tiff;tif;png;wav;mfcribbon-ms</Extensions>
    </Filter>
    <Filter Include="Header Files\Core">
      <UniqueIdentifier>{e70d28a2-d466-4d40-bb3c-ce61c97494c7}</UniqueIdentifier>
    </Filter>
    <Filter Include="Source Files\Core">
      <UniqueIdentifier>{5362d25c-b516-4cde-af90-630797b1ce89}</UniqueIdentifier>
    </Filter>
    <Filter Include="Header Files\Modules">
      <UniqueIdentifier>{2e944fc8-1f4c-44af-927f-6ff34bd2988a}</UniqueIdentifier>
    </Filter>
    <Filter Include="Source Files\Modules">
      <UniqueIdentifier>{6555072e-d721-4c5b-b10b-7d9f92f55aed}</UniqueIdentifier>
    </Filter>
    <Filter Include="Header Files\Platforms">
      <UniqueIdentifier>{0f1cfa5b-9271-4489-8c56-5dc54a49b295}</UniqueIdentifier>
    </Filter>
    <Filter Include="Header Files\Platforms\Windows">
      <UniqueIdentifier>{b14210d5-791e-4122-8049-1327224f2267}</UniqueIdentifier>
    </Filter>
    <Filter Include="Source Files\Platforms">
      <UniqueIdentifier>{d7eb6126-845e-4959-a686-e269367f1e5c}</UniqueIdentifier>
    </Filter>
    <Filter Include="Source Files\Platforms\Windows">
      <UniqueIdentifier>{f60005be-e530-4b96-a365-04e895ec8cad}</UniqueIdentifier>
    </Filter>
    <Filter Include="ThirdParty">
      <UniqueIdentifier>{4f819455-0aad-4086-b1d4-e5638f80789d}</UniqueIdentifier>
    </Filter>
  </ItemGroup>
  <ItemGroup>
    <ClCompile Include="Main.cpp">
      <Filter>Source Files\Core</Filter>
    </ClCompile>
    <ClCompile Include="Application.cpp">
      <Filter>Source Files\Core</Filter>
    </ClCompile>
    <ClCompile Include="WindowModule.cpp">
      <Filter>Source Files\Modules</Filter>
    </ClCompile>
    <ClCompile Include="WindowsOSWindow.cpp">
      <Filter>Source Files\Platforms\Windows</Filter>
    </ClCompile>
  </ItemGroup>
  <ItemGroup>
    <ClInclude Include="Application.h">
      <Filter>Header Files\Core</Filter>
    </ClInclude>
    <ClInclude Include="Module.h">
      <Filter>Header Files\Core</Filter>
    </ClInclude>
    <ClInclude Include="WindowModule.h">
      <Filter>Header Files\Modules</Filter>
    </ClInclude>
    <ClInclude Include="WindowsOSWindow.h">
      <Filter>Header Files\Platforms\Windows</Filter>
    </ClInclude>
    <ClInclude Include="AppWindow.h">
      <Filter>Header Files\Core</Filter>
    </ClInclude>
  </ItemGroup>
</Project>